
Microsoft Visual Studio Solution File, Format Version 12.00
# Visual Studio Version 17
VisualStudioVersion = 17.14.36811.4 d17.14
MinimumVisualStudioVersion = 10.0.40219.1
Project("{FAE04EC0-301F-11D3-BF4B-00C04F79EFBC}") = "Lvl3_Consolas_and_Telim", "Lvl3_Consolas_and_Telim\Lvl3_Consolas_and_Telim.csproj", "{F08209CF-E913-4265-8553-9105A43249C3}"
EndProject
Project("{FAE04EC0-301F-11D3-BF4B-00C04F79EFBC}") = "Lvl4_TheThingNamer3000", "Lvl4_TheThingNamer3000\Lvl4_TheThingNamer3000.csproj", "{3797B69E-F203-4FAE-A948-BC13BC6F70A3}"
EndProject
Project("{FAE04EC0-301F-11D3-BF4B-00C04F79EFBC}") = "Lvl6_ClaysConverter", "Lvl6_ClaysConverter\Lvl6_ClaysConverter.csproj", "{BCD3EFBC-800F-4E91-8CB6-A8A4B5AE01AB}"
EndProject
Project("{FAE04EC0-301F-11D3-BF4B-00C04F79EFBC}") = "Lvl7_Math", "Lvl7_Math\Lvl7_Math.csproj", "{21F1C86B-E43D-4331-B6D6-F8B53017F81B}"
EndProject
Project("{FAE04EC0-301F-11D3-BF4B-00C04F79EFBC}") = "Lvl8_ConsoleAdvanced", "Lvl8_ConsoleAdvanced\Lvl8_ConsoleAdvanced.csproj", "{68D3E4C5-8401-43F8-8115-CFAEF8E78E86}"
EndProject
Project("{FAE04EC0-301F-11D3-BF4B-00C04F79EFBC}") = "Lvl9_Conditionals", "Lvl9_Conditionals\Lvl9_Conditionals.csproj", "{DC1BCF2A-7779-4D45-8CD0-8D55D5E015DA}"
EndProject
Global
	GlobalSection(SolutionConfigurationPlatforms) = preSolution
		Debug|Any CPU = Debug|Any CPU
		Release|Any CPU = Release|Any CPU
	EndGlobalSection
	GlobalSection(ProjectConfigurationPlatforms) = postSolution
		{F08209CF-E913-4265-8553-9105A43249C3}.Debug|Any CPU.ActiveCfg = Debug|Any CPU
		{F08209CF-E913-4265-8553-9105A43249C3}.Debug|Any CPU.Build.0 = Debug|Any CPU
		{F08209CF-E913-4265-8553-9105A43249C3}.Release|Any CPU.ActiveCfg = Release|Any CPU
		{F08209CF-E913-4265-8553-9105A43249C3}.Release|Any CPU.Build.0 = Release|Any CPU
		{3797B69E-F203-4FAE-A948-BC13BC6F70A3}.Debug|Any CPU.ActiveCfg = Debug|Any CPU
		{3797B69E-F203-4FAE-A948-BC13BC6F70A3}.Debug|Any CPU.Build.0 = Debug|Any CPU
		{3797B69E-F203-4FAE-A948-BC13BC6F70A3}.Release|Any CPU.ActiveCfg = Release|Any CPU
		{3797B69E-F203-4FAE-A948-BC13BC6F70A3}.Release|Any CPU.Build.0 = Release|Any CPU
		{BCD3EFBC-800F-4E91-8CB6-A8A4B5AE01AB}.Debug|Any CPU.ActiveCfg = Debug|Any CPU
		{BCD3EFBC-800F-4E91-8CB6-A8A4B5AE01AB}.Debug|Any CPU.Build.0 = Debug|Any CPU
		{BCD3EFBC-800F-4E91-8CB6-A8A4B5AE01AB}.Release|Any CPU.ActiveCfg = Release|Any CPU
		{BCD3EFBC-800F-4E91-8CB6-A8A4B5AE01AB}.Release|Any CPU.Build.0 = Release|Any CPU
		{21F1C86B-E43D-4331-B6D6-F8B53017F81B}.Debug|Any CPU.ActiveCfg = Debug|Any CPU
		{21F1C86B-E43D-4331-B6D6-F8B53017F81B}.Debug|Any CPU.Build.0 = Debug|Any CPU
		{21F1C86B-E43D-4331-B6D6-F8B53017F81B}.Release|Any CPU.ActiveCfg = Release|Any CPU
		{21F1C86B-E43D-4331-B6D6-F8B53017F81B}.Release|Any CPU.Build.0 = Release|Any CPU
		{68D3E4C5-8401-43F8-8115-CFAEF8E78E86}.Debug|Any CPU.ActiveCfg = Debug|Any CPU
		{68D3E4C5-8401-43F8-8115-CFAEF8E78E86}.Debug|Any CPU.Build.0 = Debug|Any CPU
		{68D3E4C5-8401-43F8-8115-CFAEF8E78E86}.Release|Any CPU.ActiveCfg = Release|Any CPU
		{68D3E4C5-8401-43F8-8115-CFAEF8E78E86}.Release|Any CPU.Build.0 = Release|Any CPU
		{DC1BCF2A-7779-4D45-8CD0-8D55D5E015DA}.Debug|Any CPU.ActiveCfg = Debug|Any CPU
		{DC1BCF2A-7779-4D45-8CD0-8D55D5E015DA}.Debug|Any CPU.Build.0 = Debug|Any CPU
		{DC1BCF2A-7779-4D45-8CD0-8D55D5E015DA}.Release|Any CPU.ActiveCfg = Release|Any CPU
		{DC1BCF2A-7779-4D45-8CD0-8D55D5E015DA}.Release|Any CPU.Build.0 = Release|Any CPU
	EndGlobalSection
	GlobalSection(SolutionProperties) = preSolution
		HideSolutionNode = FALSE
	EndGlobalSection
	GlobalSection(ExtensibilityGlobals) = postSolution
		SolutionGuid = {B15B253B-DFA1-49B1-BA78-E4AF3BFFF71B}
	EndGlobalSection
EndGlobal
