
Microsoft Visual Studio Solution File, Format Version 12.00
# Visual Studio Version 17
VisualStudioVersion = 17.14.36811.4
MinimumVisualStudioVersion = 10.0.40219.1
Project("{FAE04EC0-301F-11D3-BF4B-00C04F79EFBC}") = "Lvl3_Consolas_and_Telim", "Lvl3_Consolas_and_Telim\Lvl3_Consolas_and_Telim.csproj", "{F08209CF-E913-4265-8553-9105A43249C3}"
EndProject
Project("{FAE04EC0-301F-11D3-BF4B-00C04F79EFBC}") = "Lvl4_TheThingNamer3000", "Lvl4_TheThingNamer3000\Lvl4_TheThingNamer3000.csproj", "{3797B69E-F203-4FAE-A948-BC13BC6F70A3}"
EndProject
Project("{FAE04EC0-301F-11D3-BF4B-00C04F79EFBC}") = "Lvl6_ClaysConverter", "Lvl6_ClaysConverter\Lvl6_ClaysConverter.csproj", "{BCD3EFBC-800F-4E91-8CB6-A8A4B5AE01AB}"
EndProject
Project("{FAE04EC0-301F-11D3-BF4B-00C04F79EFBC}") = "Lvl7_Math", "Lvl7_Math\Lvl7_Math.csproj", "{21F1C86B-E43D-4331-B6D6-F8B53017F81B}"
EndProject
Project("{FAE04EC0-301F-11D3-BF4B-00C04F79EFBC}") = "Lvl8_ConsoleAdvanced", "Lvl8_ConsoleAdvanced\Lvl8_ConsoleAdvanced.csproj", "{68D3E4C5-8401-43F8-8115-CFAEF8E78E86}"
EndProject
Project("{FAE04EC0-301F-11D3-BF4B-00C04F79EFBC}") = "Lvl9_Conditionals", "Lvl9_Conditionals\Lvl9_Conditionals.csproj", "{DC1BCF2A-7779-4D45-8CD0-8D55D5E015DA}"
EndProject
Project("{FAE04EC0-301F-11D3-BF4B-00C04F79EFBC}") = "Lvl10_Switches", "Lvl10_Switches\Lvl10_Switches.csproj", "{9B866F58-F9D8-4455-B674-72E4094AC3E9}"
EndProject
Project("{FAE04EC0-301F-11D3-BF4B-00C04F79EFBC}") = "Lvl11_Loops", "Lvl11_Loops\Lvl11_Loops.csproj", "{BBC07B27-992E-441B-9AD0-19F74D745D6A}"
EndProject
Project("{FAE04EC0-301F-11D3-BF4B-00C04F79EFBC}") = "Lvl12_Arrays", "Lvl12_Arrays\Lvl12_Arrays.csproj", "{8E1D16DB-DB10-40B7-84C4-81D33E6EC8F4}"
EndProject
Project("{FAE04EC0-301F-11D3-BF4B-00C04F79EFBC}") = "Lvl13_Methods", "Lvl13_Methods\Lvl13_Methods.csproj", "{3691EA93-FE74-4FEC-AFF8-AD495BBB7C59}"
EndProject
Project("{FAE04EC0-301F-11D3-BF4B-00C04F79EFBC}") = "Lvl14_MemoryExplanation", "Lvl14_MemoryExplanation\Lvl14_MemoryExplanation.csproj", "{3F6DF239-6348-46F8-8C7A-1FA56D45FAED}"
EndProject
Project("{FAE04EC0-301F-11D3-BF4B-00C04F79EFBC}") = "Lvl16_Enums", "Lvl16_Enums\Lvl16_Enums.csproj", "{FB9D35BA-3FAF-45DC-8571-722151D15FE3}"
EndProject
Project("{FAE04EC0-301F-11D3-BF4B-00C04F79EFBC}") = "Lvl17_Tuples", "Lvl17_Tuples\Lvl17_Tuples.csproj", "{0755CEF5-BB71-48B1-91BC-58DDE25F416F}"
EndProject
Global
	GlobalSection(SolutionConfigurationPlatforms) = preSolution
		Debug|Any CPU = Debug|Any CPU
		Debug|x64 = Debug|x64
		Debug|x86 = Debug|x86
		Release|Any CPU = Release|Any CPU
		Release|x64 = Release|x64
		Release|x86 = Release|x86
	EndGlobalSection
	GlobalSection(ProjectConfigurationPlatforms) = postSolution
		{F08209CF-E913-4265-8553-9105A43249C3}.Debug|Any CPU.ActiveCfg = Debug|Any CPU
		{F08209CF-E913-4265-8553-9105A43249C3}.Debug|Any CPU.Build.0 = Debug|Any CPU
		{F08209CF-E913-4265-8553-9105A43249C3}.Debug|x64.ActiveCfg = Debug|Any CPU
		{F08209CF-E913-4265-8553-9105A43249C3}.Debug|x64.Build.0 = Debug|Any CPU
		{F08209CF-E913-4265-8553-9105A43249C3}.Debug|x86.ActiveCfg = Debug|Any CPU
		{F08209CF-E913-4265-8553-9105A43249C3}.Debug|x86.Build.0 = Debug|Any CPU
		{F08209CF-E913-4265-8553-9105A43249C3}.Release|Any CPU.ActiveCfg = Release|Any CPU
		{F08209CF-E913-4265-8553-9105A43249C3}.Release|Any CPU.Build.0 = Release|Any CPU
		{F08209CF-E913-4265-8553-9105A43249C3}.Release|x64.ActiveCfg = Release|Any CPU
		{F08209CF-E913-4265-8553-9105A43249C3}.Release|x64.Build.0 = Release|Any CPU
		{F08209CF-E913-4265-8553-9105A43249C3}.Release|x86.ActiveCfg = Release|Any CPU
		{F08209CF-E913-4265-8553-9105A43249C3}.Release|x86.Build.0 = Release|Any CPU
		{3797B69E-F203-4FAE-A948-BC13BC6F70A3}.Debug|Any CPU.ActiveCfg = Debug|Any CPU
		{3797B69E-F203-4FAE-A948-BC13BC6F70A3}.Debug|Any CPU.Build.0 = Debug|Any CPU
		{3797B69E-F203-4FAE-A948-BC13BC6F70A3}.Debug|x64.ActiveCfg = Debug|Any CPU
		{3797B69E-F203-4FAE-A948-BC13BC6F70A3}.Debug|x64.Build.0 = Debug|Any CPU
		{3797B69E-F203-4FAE-A948-BC13BC6F70A3}.Debug|x86.ActiveCfg = Debug|Any CPU
		{3797B69E-F203-4FAE-A948-BC13BC6F70A3}.Debug|x86.Build.0 = Debug|Any CPU
		{3797B69E-F203-4FAE-A948-BC13BC6F70A3}.Release|Any CPU.ActiveCfg = Release|Any CPU
		{3797B69E-F203-4FAE-A948-BC13BC6F70A3}.Release|Any CPU.Build.0 = Release|Any CPU
		{3797B69E-F203-4FAE-A948-BC13BC6F70A3}.Release|x64.ActiveCfg = Release|Any CPU
		{3797B69E-F203-4FAE-A948-BC13BC6F70A3}.Release|x64.Build.0 = Release|Any CPU
		{3797B69E-F203-4FAE-A948-BC13BC6F70A3}.Release|x86.ActiveCfg = Release|Any CPU
		{3797B69E-F203-4FAE-A948-BC13BC6F70A3}.Release|x86.Build.0 = Release|Any CPU
		{BCD3EFBC-800F-4E91-8CB6-A8A4B5AE01AB}.Debug|Any CPU.ActiveCfg = Debug|Any CPU
		{BCD3EFBC-800F-4E91-8CB6-A8A4B5AE01AB}.Debug|Any CPU.Build.0 = Debug|Any CPU
		{BCD3EFBC-800F-4E91-8CB6-A8A4B5AE01AB}.Debug|x64.ActiveCfg = Debug|Any CPU
		{BCD3EFBC-800F-4E91-8CB6-A8A4B5AE01AB}.Debug|x64.Build.0 = Debug|Any CPU
		{BCD3EFBC-800F-4E91-8CB6-A8A4B5AE01AB}.Debug|x86.ActiveCfg = Debug|Any CPU
		{BCD3EFBC-800F-4E91-8CB6-A8A4B5AE01AB}.Debug|x86.Build.0 = Debug|Any CPU
		{BCD3EFBC-800F-4E91-8CB6-A8A4B5AE01AB}.Release|Any CPU.ActiveCfg = Release|Any CPU
		{BCD3EFBC-800F-4E91-8CB6-A8A4B5AE01AB}.Release|Any CPU.Build.0 = Release|Any CPU
		{BCD3EFBC-800F-4E91-8CB6-A8A4B5AE01AB}.Release|x64.ActiveCfg = Release|Any CPU
		{BCD3EFBC-800F-4E91-8CB6-A8A4B5AE01AB}.Release|x64.Build.0 = Release|Any CPU
		{BCD3EFBC-800F-4E91-8CB6-A8A4B5AE01AB}.Release|x86.ActiveCfg = Release|Any CPU
		{BCD3EFBC-800F-4E91-8CB6-A8A4B5AE01AB}.Release|x86.Build.0 = Release|Any CPU
		{21F1C86B-E43D-4331-B6D6-F8B53017F81B}.Debug|Any CPU.ActiveCfg = Debug|Any CPU
		{21F1C86B-E43D-4331-B6D6-F8B53017F81B}.Debug|Any CPU.Build.0 = Debug|Any CPU
		{21F1C86B-E43D-4331-B6D6-F8B53017F81B}.Debug|x64.ActiveCfg = Debug|Any CPU
		{21F1C86B-E43D-4331-B6D6-F8B53017F81B}.Debug|x64.Build.0 = Debug|Any CPU
		{21F1C86B-E43D-4331-B6D6-F8B53017F81B}.Debug|x86.ActiveCfg = Debug|Any CPU
		{21F1C86B-E43D-4331-B6D6-F8B53017F81B}.Debug|x86.Build.0 = Debug|Any CPU
		{21F1C86B-E43D-4331-B6D6-F8B53017F81B}.Release|Any CPU.ActiveCfg = Release|Any CPU
		{21F1C86B-E43D-4331-B6D6-F8B53017F81B}.Release|Any CPU.Build.0 = Release|Any CPU
		{21F1C86B-E43D-4331-B6D6-F8B53017F81B}.Release|x64.ActiveCfg = Release|Any CPU
		{21F1C86B-E43D-4331-B6D6-F8B53017F81B}.Release|x64.Build.0 = Release|Any CPU
		{21F1C86B-E43D-4331-B6D6-F8B53017F81B}.Release|x86.ActiveCfg = Release|Any CPU
		{21F1C86B-E43D-4331-B6D6-F8B53017F81B}.Release|x86.Build.0 = Release|Any CPU
		{68D3E4C5-8401-43F8-8115-CFAEF8E78E86}.Debug|Any CPU.ActiveCfg = Debug|Any CPU
		{68D3E4C5-8401-43F8-8115-CFAEF8E78E86}.Debug|Any CPU.Build.0 = Debug|Any CPU
		{68D3E4C5-8401-43F8-8115-CFAEF8E78E86}.Debug|x64.ActiveCfg = Debug|Any CPU
		{68D3E4C5-8401-43F8-8115-CFAEF8E78E86}.Debug|x64.Build.0 = Debug|Any CPU
		{68D3E4C5-8401-43F8-8115-CFAEF8E78E86}.Debug|x86.ActiveCfg = Debug|Any CPU
		{68D3E4C5-8401-43F8-8115-CFAEF8E78E86}.Debug|x86.Build.0 = Debug|Any CPU
		{68D3E4C5-8401-43F8-8115-CFAEF8E78E86}.Release|Any CPU.ActiveCfg = Release|Any CPU
		{68D3E4C5-8401-43F8-8115-CFAEF8E78E86}.Release|Any CPU.Build.0 = Release|Any CPU
		{68D3E4C5-8401-43F8-8115-CFAEF8E78E86}.Release|x64.ActiveCfg = Release|Any CPU
		{68D3E4C5-8401-43F8-8115-CFAEF8E78E86}.Release|x64.Build.0 = Release|Any CPU
		{68D3E4C5-8401-43F8-8115-CFAEF8E78E86}.Release|x86.ActiveCfg = Release|Any CPU
		{68D3E4C5-8401-43F8-8115-CFAEF8E78E86}.Release|x86.Build.0 = Release|Any CPU
		{DC1BCF2A-7779-4D45-8CD0-8D55D5E015DA}.Debug|Any CPU.ActiveCfg = Debug|Any CPU
		{DC1BCF2A-7779-4D45-8CD0-8D55D5E015DA}.Debug|Any CPU.Build.0 = Debug|Any CPU
		{DC1BCF2A-7779-4D45-8CD0-8D55D5E015DA}.Debug|x64.ActiveCfg = Debug|Any CPU
		{DC1BCF2A-7779-4D45-8CD0-8D55D5E015DA}.Debug|x64.Build.0 = Debug|Any CPU
		{DC1BCF2A-7779-4D45-8CD0-8D55D5E015DA}.Debug|x86.ActiveCfg = Debug|Any CPU
		{DC1BCF2A-7779-4D45-8CD0-8D55D5E015DA}.Debug|x86.Build.0 = Debug|Any CPU
		{DC1BCF2A-7779-4D45-8CD0-8D55D5E015DA}.Release|Any CPU.ActiveCfg = Release|Any CPU
		{DC1BCF2A-7779-4D45-8CD0-8D55D5E015DA}.Release|Any CPU.Build.0 = Release|Any CPU
		{DC1BCF2A-7779-4D45-8CD0-8D55D5E015DA}.Release|x64.ActiveCfg = Release|Any CPU
		{DC1BCF2A-7779-4D45-8CD0-8D55D5E015DA}.Release|x64.Build.0 = Release|Any CPU
		{DC1BCF2A-7779-4D45-8CD0-8D55D5E015DA}.Release|x86.ActiveCfg = Release|Any CPU
		{DC1BCF2A-7779-4D45-8CD0-8D55D5E015DA}.Release|x86.Build.0 = Release|Any CPU
		{9B866F58-F9D8-4455-B674-72E4094AC3E9}.Debug|Any CPU.ActiveCfg = Debug|Any CPU
		{9B866F58-F9D8-4455-B674-72E4094AC3E9}.Debug|Any CPU.Build.0 = Debug|Any CPU
		{9B866F58-F9D8-4455-B674-72E4094AC3E9}.Debug|x64.ActiveCfg = Debug|Any CPU
		{9B866F58-F9D8-4455-B674-72E4094AC3E9}.Debug|x64.Build.0 = Debug|Any CPU
		{9B866F58-F9D8-4455-B674-72E4094AC3E9}.Debug|x86.ActiveCfg = Debug|Any CPU
		{9B866F58-F9D8-4455-B674-72E4094AC3E9}.Debug|x86.Build.0 = Debug|Any CPU
		{9B866F58-F9D8-4455-B674-72E4094AC3E9}.Release|Any CPU.ActiveCfg = Release|Any CPU
		{9B866F58-F9D8-4455-B674-72E4094AC3E9}.Release|Any CPU.Build.0 = Release|Any CPU
		{9B866F58-F9D8-4455-B674-72E4094AC3E9}.Release|x64.ActiveCfg = Release|Any CPU
		{9B866F58-F9D8-4455-B674-72E4094AC3E9}.Release|x64.Build.0 = Release|Any CPU
		{9B866F58-F9D8-4455-B674-72E4094AC3E9}.Release|x86.ActiveCfg = Release|Any CPU
		{9B866F58-F9D8-4455-B674-72E4094AC3E9}.Release|x86.Build.0 = Release|Any CPU
		{BBC07B27-992E-441B-9AD0-19F74D745D6A}.Debug|Any CPU.ActiveCfg = Debug|Any CPU
		{BBC07B27-992E-441B-9AD0-19F74D745D6A}.Debug|Any CPU.Build.0 = Debug|Any CPU
		{BBC07B27-992E-441B-9AD0-19F74D745D6A}.Debug|x64.ActiveCfg = Debug|Any CPU
		{BBC07B27-992E-441B-9AD0-19F74D745D6A}.Debug|x64.Build.0 = Debug|Any CPU
		{BBC07B27-992E-441B-9AD0-19F74D745D6A}.Debug|x86.ActiveCfg = Debug|Any CPU
		{BBC07B27-992E-441B-9AD0-19F74D745D6A}.Debug|x86.Build.0 = Debug|Any CPU
		{BBC07B27-992E-441B-9AD0-19F74D745D6A}.Release|Any CPU.ActiveCfg = Release|Any CPU
		{BBC07B27-992E-441B-9AD0-19F74D745D6A}.Release|Any CPU.Build.0 = Release|Any CPU
		{BBC07B27-992E-441B-9AD0-19F74D745D6A}.Release|x64.ActiveCfg = Release|Any CPU
		{BBC07B27-992E-441B-9AD0-19F74D745D6A}.Release|x64.Build.0 = Release|Any CPU
		{BBC07B27-992E-441B-9AD0-19F74D745D6A}.Release|x86.ActiveCfg = Release|Any CPU
		{BBC07B27-992E-441B-9AD0-19F74D745D6A}.Release|x86.Build.0 = Release|Any CPU
		{8E1D16DB-DB10-40B7-84C4-81D33E6EC8F4}.Debug|Any CPU.ActiveCfg = Debug|Any CPU
		{8E1D16DB-DB10-40B7-84C4-81D33E6EC8F4}.Debug|Any CPU.Build.0 = Debug|Any CPU
		{8E1D16DB-DB10-40B7-84C4-81D33E6EC8F4}.Debug|x64.ActiveCfg = Debug|Any CPU
		{8E1D16DB-DB10-40B7-84C4-81D33E6EC8F4}.Debug|x64.Build.0 = Debug|Any CPU
		{8E1D16DB-DB10-40B7-84C4-81D33E6EC8F4}.Debug|x86.ActiveCfg = Debug|Any CPU
		{8E1D16DB-DB10-40B7-84C4-81D33E6EC8F4}.Debug|x86.Build.0 = Debug|Any CPU
		{8E1D16DB-DB10-40B7-84C4-81D33E6EC8F4}.Release|Any CPU.ActiveCfg = Release|Any CPU
		{8E1D16DB-DB10-40B7-84C4-81D33E6EC8F4}.Release|Any CPU.Build.0 = Release|Any CPU
		{8E1D16DB-DB10-40B7-84C4-81D33E6EC8F4}.Release|x64.ActiveCfg = Release|Any CPU
		{8E1D16DB-DB10-40B7-84C4-81D33E6EC8F4}.Release|x64.Build.0 = Release|Any CPU
		{8E1D16DB-DB10-40B7-84C4-81D33E6EC8F4}.Release|x86.ActiveCfg = Release|Any CPU
		{8E1D16DB-DB10-40B7-84C4-81D33E6EC8F4}.Release|x86.Build.0 = Release|Any CPU
		{3691EA93-FE74-4FEC-AFF8-AD495BBB7C59}.Debug|Any CPU.ActiveCfg = Debug|Any CPU
		{3691EA93-FE74-4FEC-AFF8-AD495BBB7C59}.Debug|Any CPU.Build.0 = Debug|Any CPU
		{3691EA93-FE74-4FEC-AFF8-AD495BBB7C59}.Debug|x64.ActiveCfg = Debug|Any CPU
		{3691EA93-FE74-4FEC-AFF8-AD495BBB7C59}.Debug|x64.Build.0 = Debug|Any CPU
		{3691EA93-FE74-4FEC-AFF8-AD495BBB7C59}.Debug|x86.ActiveCfg = Debug|Any CPU
		{3691EA93-FE74-4FEC-AFF8-AD495BBB7C59}.Debug|x86.Build.0 = Debug|Any CPU
		{3691EA93-FE74-4FEC-AFF8-AD495BBB7C59}.Release|Any CPU.ActiveCfg = Release|Any CPU
		{3691EA93-FE74-4FEC-AFF8-AD495BBB7C59}.Release|Any CPU.Build.0 = Release|Any CPU
		{3691EA93-FE74-4FEC-AFF8-AD495BBB7C59}.Release|x64.ActiveCfg = Release|Any CPU
		{3691EA93-FE74-4FEC-AFF8-AD495BBB7C59}.Release|x64.Build.0 = Release|Any CPU
		{3691EA93-FE74-4FEC-AFF8-AD495BBB7C59}.Release|x86.ActiveCfg = Release|Any CPU
		{3691EA93-FE74-4FEC-AFF8-AD495BBB7C59}.Release|x86.Build.0 = Release|Any CPU
		{3F6DF239-6348-46F8-8C7A-1FA56D45FAED}.Debug|Any CPU.ActiveCfg = Debug|Any CPU
		{3F6DF239-6348-46F8-8C7A-1FA56D45FAED}.Debug|Any CPU.Build.0 = Debug|Any CPU
		{3F6DF239-6348-46F8-8C7A-1FA56D45FAED}.Debug|x64.ActiveCfg = Debug|Any CPU
		{3F6DF239-6348-46F8-8C7A-1FA56D45FAED}.Debug|x64.Build.0 = Debug|Any CPU
		{3F6DF239-6348-46F8-8C7A-1FA56D45FAED}.Debug|x86.ActiveCfg = Debug|Any CPU
		{3F6DF239-6348-46F8-8C7A-1FA56D45FAED}.Debug|x86.Build.0 = Debug|Any CPU
		{3F6DF239-6348-46F8-8C7A-1FA56D45FAED}.Release|Any CPU.ActiveCfg = Release|Any CPU
		{3F6DF239-6348-46F8-8C7A-1FA56D45FAED}.Release|Any CPU.Build.0 = Release|Any CPU
		{3F6DF239-6348-46F8-8C7A-1FA56D45FAED}.Release|x64.ActiveCfg = Release|Any CPU
		{3F6DF239-6348-46F8-8C7A-1FA56D45FAED}.Release|x64.Build.0 = Release|Any CPU
		{3F6DF239-6348-46F8-8C7A-1FA56D45FAED}.Release|x86.ActiveCfg = Release|Any CPU
		{3F6DF239-6348-46F8-8C7A-1FA56D45FAED}.Release|x86.Build.0 = Release|Any CPU
		{FB9D35BA-3FAF-45DC-8571-722151D15FE3}.Debug|Any CPU.ActiveCfg = Debug|Any CPU
		{FB9D35BA-3FAF-45DC-8571-722151D15FE3}.Debug|Any CPU.Build.0 = Debug|Any CPU
		{FB9D35BA-3FAF-45DC-8571-722151D15FE3}.Debug|x64.ActiveCfg = Debug|Any CPU
		{FB9D35BA-3FAF-45DC-8571-722151D15FE3}.Debug|x64.Build.0 = Debug|Any CPU
		{FB9D35BA-3FAF-45DC-8571-722151D15FE3}.Debug|x86.ActiveCfg = Debug|Any CPU
		{FB9D35BA-3FAF-45DC-8571-722151D15FE3}.Debug|x86.Build.0 = Debug|Any CPU
		{FB9D35BA-3FAF-45DC-8571-722151D15FE3}.Release|Any CPU.ActiveCfg = Release|Any CPU
		{FB9D35BA-3FAF-45DC-8571-722151D15FE3}.Release|Any CPU.Build.0 = Release|Any CPU
		{FB9D35BA-3FAF-45DC-8571-722151D15FE3}.Release|x64.ActiveCfg = Release|Any CPU
		{FB9D35BA-3FAF-45DC-8571-722151D15FE3}.Release|x64.Build.0 = Release|Any CPU
		{FB9D35BA-3FAF-45DC-8571-722151D15FE3}.Release|x86.ActiveCfg = Release|Any CPU
		{FB9D35BA-3FAF-45DC-8571-722151D15FE3}.Release|x86.Build.0 = Release|Any CPU
		{0755CEF5-BB71-48B1-91BC-58DDE25F416F}.Debug|Any CPU.ActiveCfg = Debug|Any CPU
		{0755CEF5-BB71-48B1-91BC-58DDE25F416F}.Debug|Any CPU.Build.0 = Debug|Any CPU
		{0755CEF5-BB71-48B1-91BC-58DDE25F416F}.Debug|x64.ActiveCfg = Debug|Any CPU
		{0755CEF5-BB71-48B1-91BC-58DDE25F416F}.Debug|x64.Build.0 = Debug|Any CPU
		{0755CEF5-BB71-48B1-91BC-58DDE25F416F}.Debug|x86.ActiveCfg = Debug|Any CPU
		{0755CEF5-BB71-48B1-91BC-58DDE25F416F}.Debug|x86.Build.0 = Debug|Any CPU
		{0755CEF5-BB71-48B1-91BC-58DDE25F416F}.Release|Any CPU.ActiveCfg = Release|Any CPU
		{0755CEF5-BB71-48B1-91BC-58DDE25F416F}.Release|Any CPU.Build.0 = Release|Any CPU
		{0755CEF5-BB71-48B1-91BC-58DDE25F416F}.Release|x64.ActiveCfg = Release|Any CPU
		{0755CEF5-BB71-48B1-91BC-58DDE25F416F}.Release|x64.Build.0 = Release|Any CPU
		{0755CEF5-BB71-48B1-91BC-58DDE25F416F}.Release|x86.ActiveCfg = Release|Any CPU
		{0755CEF5-BB71-48B1-91BC-58DDE25F416F}.Release|x86.Build.0 = Release|Any CPU
	EndGlobalSection
	GlobalSection(SolutionProperties) = preSolution
		HideSolutionNode = FALSE
	EndGlobalSection
	GlobalSection(ExtensibilityGlobals) = postSolution
		SolutionGuid = {B15B253B-DFA1-49B1-BA78-E4AF3BFFF71B}
	EndGlobalSection
EndGlobal
